Microsoft Visual Studio Solution File, Format Version 12.00
# Visual Studio Version 17
VisualStudioVersion = 17.5.2.0
MinimumVisualStudioVersion = 10.0.40219.1
Project("{FAE04EC0-301F-11D3-BF4B-00C04F79EFBC}") = "progModularTrabalho2811", "progModularTrabalho2811.csproj", "{05047EEA-E003-0C03-A3D0-BD01C735B6F6}"
EndProject
Global
	GlobalSection(SolutionConfigurationPlatforms) = preSolution
		Debug|Any CPU = Debug|Any CPU
		Release|Any CPU = Release|Any CPU
	EndGlobalSection
	GlobalSection(ProjectConfigurationPlatforms) = postSolution
		{05047EEA-E003-0C03-A3D0-BD01C735B6F6}.Debug|Any CPU.ActiveCfg = Debug|Any CPU
		{05047EEA-E003-0C03-A3D0-BD01C735B6F6}.Debug|Any CPU.Build.0 = Debug|Any CPU
		{05047EEA-E003-0C03-A3D0-BD01C735B6F6}.Release|Any CPU.ActiveCfg = Release|Any CPU
		{05047EEA-E003-0C03-A3D0-BD01C735B6F6}.Release|Any CPU.Build.0 = Release|Any CPU
	EndGlobalSection
	GlobalSection(SolutionProperties) = preSolution
		HideSolutionNode = FALSE
	EndGlobalSection
	GlobalSection(ExtensibilityGlobals) = postSolution
		SolutionGuid = {EE2E98E5-8A8B-45B7-8711-7C9C6EBBFE64}
	EndGlobalSection
EndGlobal
